
Microsoft Visual Studio Solution File, Format Version 12.00
# Visual Studio Version 16
VisualStudioVersion = 16.0.34729.46
MinimumVisualStudioVersion = 10.0.40219.1
Project("{FAE04EC0-301F-11D3-BF4B-00C04F79EFBC}") = "WpfApp2", "WpfApp2\WpfApp2.csproj", "{21B7337F-32AA-4781-B420-4853CA7440AB}"
EndProject
Global
	GlobalSection(SolutionConfigurationPlatforms) = preSolution
		Debug|Any CPU = Debug|Any CPU
		Release|Any CPU = Release|Any CPU
	EndGlobalSection
	GlobalSection(ProjectConfigurationPlatforms) = postSolution
		{21B7337F-32AA-4781-B420-4853CA7440AB}.Debug|Any CPU.ActiveCfg = Debug|Any CPU
		{21B7337F-32AA-4781-B420-4853CA7440AB}.Debug|Any CPU.Build.0 = Debug|Any CPU
		{21B7337F-32AA-4781-B420-4853CA7440AB}.Release|Any CPU.ActiveCfg = Release|Any CPU
		{21B7337F-32AA-4781-B420-4853CA7440AB}.Release|Any CPU.Build.0 = Release|Any CPU
	EndGlobalSection
	GlobalSection(SolutionProperties) = preSolution
		HideSolutionNode = FALSE
	EndGlobalSection
	GlobalSection(ExtensibilityGlobals) = postSolution
		SolutionGuid = {C2BF5C85-4BA4-4BA2-B1BE-EF57F9D2297A}
	EndGlobalSection
EndGlobal
